{
  "name": "kaminiten",
  "version": "0.0.1",
  "lockfileVersion": 3,
  "requires": true,
  "packages": {
    "": {
      "name": "kaminiten",
      "version": "0.0.1",
      "license": "MIT",
      "workspaces": [
        "packages/*"
      ],
      "devDependencies": {}
    },
    "node_modules/lib-a": {
      "resolved": "packages/lib-a",
      "link": true
    },
    "node_modules/lib-b": {
      "resolved": "packages/lib-b",
      "link": true
    },
    "node_modules/typescript": {
      "version": "5.2.2",
      "resolved": "https://registry.npmjs.org/typescript/-/typescript-5.2.2.tgz",
      "integrity": "sha512-mI4WrpHsbCIcwT9cF4FZvr80QUeKvsUsUvKDoR+X/7XHQH98xYD8YHZg7ANtz2GtZt/CBq2QJ0thkGJMHfqc1w==",
      "dev": true,
      "bin": {
        "tsc": "bin/tsc",
        "tsserver": "bin/tsserver"
      },
      "engines": {
        "node": ">=14.17"
      }
    },
    "packages/lib-a": {
      "version": "0.0.0",
      "devDependencies": {
        "typescript": "^5.2.2"
      }
    },
    "packages/lib-b": {
      "version": "0.0.0",
      "dependencies": {
        "lib-a": "*"
      },
      "devDependencies": {
        "typescript": "^5.2.2"
      }
    }
  }
}
