{
  "name": "kaminiten",
  "version": "0.0.1",
  "lockfileVersion": 3,
  "requires": true,
  "packages": {
    "": {
      "name": "kaminiten",
      "version": "0.0.1",
      "license": "MIT",
      "devDependencies": {}
    },
    "node_modules/.pnpm/turbo@1.10.16/node_modules/turbo": {
      "version": "1.10.16",
      "extraneous": true,
      "license": "MPL-2.0",
      "bin": {
        "turbo": "bin/turbo"
      },
      "optionalDependencies": {
        "turbo-darwin-64": "1.10.16",
        "turbo-darwin-arm64": "1.10.16",
        "turbo-linux-64": "1.10.16",
        "turbo-linux-arm64": "1.10.16",
        "turbo-windows-64": "1.10.16",
        "turbo-windows-arm64": "1.10.16"
      }
    }
  }
}
